// !$*UTF8*$!
{
	archiveVersion = 1;
	classes = {
	};
	objectVersion = 77;
	objects = {

/* Begin PBXContainerItemProxy section */
		B37969502F87B15A00CFC0AB /* PBXContainerItemProxy */ = {
			isa = PBXContainerItemProxy;
			containerPortal = B37969312F87B15900CFC0AB /* Project object */;
			proxyType = 1;
			remoteGlobalIDString = B37969382F87B15900CFC0AB;
			remoteInfo = TJJupiterSample;
		};
		B379695A2F87B15A00CFC0AB /* PBXContainerItemProxy */ = {
			isa = PBXContainerItemProxy;
			containerPortal = B37969312F87B15900CFC0AB /* Project object */;
			proxyType = 1;
			remoteGlobalIDString = B37969382F87B15900CFC0AB;
			remoteInfo = TJJupiterSample;
		};
/* End PBXContainerItemProxy section */

/* Begin PBXFileReference section */
		B37969392F87B15900CFC0AB /* TJJupiterSample.app */ = {isa = PBXFileReference; explicitFileType = wrapper.application; includeInIndex = 0; path = TJJupiterSample.app; sourceTree = BUILT_PRODUCTS_DIR; };
		B379694F2F87B15A00CFC0AB /* TJJupiterSampleTests.xctest */ = {isa = PBXFileReference; explicitFileType = wrapper.cfbundle; includeInIndex = 0; path = TJJupiterSampleTests.xctest; sourceTree = BUILT_PRODUCTS_DIR; };
		B37969592F87B15A00CFC0AB /* TJJupiterSampleUITests.xctest */ = {isa = PBXFileReference; explicitFileType = wrapper.cfbundle; includeInIndex = 0; path = TJJupiterSampleUITests.xctest; sourceTree = BUILT_PRODUCTS_DIR; };
/* End PBXFileReference section */

/* Begin PBXFileSystemSynchronizedBuildFileExceptionSet section */
		B37969612F87B15A00CFC0AB /* Exceptions for "TJJupiterSample" folder in "TJJupiterSample" target */ = {
			isa = PBXFileSystemSynchronizedBuildFileExceptionSet;
			membershipExceptions = (
				Info.plist,
			);
			target = B37969382F87B15900CFC0AB /* TJJupiterSample */;
		};
/* End PBXFileSystemSynchronizedBuildFileExceptionSet section */

/* Begin PBXFileSystemSynchronizedRootGroup section */
		B379693B2F87B15900CFC0AB /* TJJupiterSample */ = {
			isa = PBXFileSystemSynchronizedRootGroup;
			exceptions = (
				B37969612F87B15A00CFC0AB /* Exceptions for "TJJupiterSample" folder in "TJJupiterSample" target */,
			);
			path = TJJupiterSample;
			sourceTree = "<group>";
		};
		B37969522F87B15A00CFC0AB /* TJJupiterSampleTests */ = {
			isa = PBXFileSystemSynchronizedRootGroup;
			path = TJJupiterSampleTests;
			sourceTree = "<group>";
		};
		B379695C2F87B15A00CFC0AB /* TJJupiterSampleUITests */ = {
			isa = PBXFileSystemSynchronizedRootGroup;
			path = TJJupiterSampleUITests;
			sourceTree = "<group>";
		};
/* End PBXFileSystemSynchronizedRootGroup section */

/* Begin PBXFrameworksBuildPhase section */
		B37969362F87B15900CFC0AB /* Frameworks */ = {
			isa = PBXFrameworksBuildPhase;
			buildActionMask = 2147483647;
			files = (
			);
			runOnlyForDeploymentPostprocessing = 0;
		};
		B379694C2F87B15A00CFC0AB /* Frameworks */ = {
			isa = PBXFrameworksBuildPhase;
			buildActionMask = 2147483647;
			files = (
			);
			runOnlyForDeploymentPostprocessing = 0;
		};
		B37969562F87B15A00CFC0AB /* Frameworks */ = {
			isa = PBXFrameworksBuildPhase;
			buildActionMask = 2147483647;
			files = (
			);
			runOnlyForDeploymentPostprocessing = 0;
		};
/* End PBXFrameworksBuildPhase section */

/* Begin PBXGroup section */
		B37969302F87B15900CFC0AB = {
			isa = PBXGroup;
			children = (
				B379693B2F87B15900CFC0AB /* TJJupiterSample */,
				B37969522F87B15A00CFC0AB /* TJJupiterSampleTests */,
				B379695C2F87B15A00CFC0AB /* TJJupiterSampleUITests */,
				B379693A2F87B15900CFC0AB /* Products */,
			);
			sourceTree = "<group>";
		};
		B379693A2F87B15900CFC0AB /* Products */ = {
			isa = PBXGroup;
			children = (
				B37969392F87B15900CFC0AB /* TJJupiterSample.app */,
				B379694F2F87B15A00CFC0AB /* TJJupiterSampleTests.xctest */,
				B37969592F87B15A00CFC0AB /* TJJupiterSampleUITests.xctest */,
			);
			name = Products;
			sourceTree = "<group>";
		};
/* End PBXGroup section */

/* Begin PBXNativeTarget section */
		B37969382F87B15900CFC0AB /* TJJupiterSample */ = {
			isa = PBXNativeTarget;
			buildConfigurationList = B37969622F87B15A00CFC0AB /* Build configuration list for PBXNativeTarget "TJJupiterSample" */;
			buildPhases = (
				B37969352F87B15900CFC0AB /* Sources */,
				B37969362F87B15900CFC0AB /* Frameworks */,
				B37969372F87B15900CFC0AB /* Resources */,
			);
			buildRules = (
			);
			dependencies = (
			);
			fileSystemSynchronizedGroups = (
				B379693B2F87B15900CFC0AB /* TJJupiterSample */,
			);
			name = TJJupiterSample;
			packageProductDependencies = (
			);
			productName = TJJupiterSample;
			productReference = B37969392F87B15900CFC0AB /* TJJupiterSample.app */;
			productType = "com.apple.product-type.application";
		};
		B379694E2F87B15A00CFC0AB /* TJJupiterSampleTests */ = {
			isa = PBXNativeTarget;
			buildConfigurationList = B37969672F87B15A00CFC0AB /* Build configuration list for PBXNativeTarget "TJJupiterSampleTests" */;
			buildPhases = (
				B379694B2F87B15A00CFC0AB /* Sources */,
				B379694C2F87B15A00CFC0AB /* Frameworks */,
				B379694D2F87B15A00CFC0AB /* Resources */,
			);
			buildRules = (
			);
			dependencies = (
				B37969512F87B15A00CFC0AB /* PBXTargetDependency */,
			);
			fileSystemSynchronizedGroups = (
				B37969522F87B15A00CFC0AB /* TJJupiterSampleTests */,
			);
			name = TJJupiterSampleTests;
			packageProductDependencies = (
			);
			productName = TJJupiterSampleTests;
			productReference = B379694F2F87B15A00CFC0AB /* TJJupiterSampleTests.xctest */;
			productType = "com.apple.product-type.bundle.unit-test";
		};
		B37969582F87B15A00CFC0AB /* TJJupiterSampleUITests */ = {
			isa = PBXNativeTarget;
			buildConfigurationList = B379696A2F87B15A00CFC0AB /* Build configuration list for PBXNativeTarget "TJJupiterSampleUITests" */;
			buildPhases = (
				B37969552F87B15A00CFC0AB /* Sources */,
				B37969562F87B15A00CFC0AB /* Frameworks */,
				B37969572F87B15A00CFC0AB /* Resources */,
			);
			buildRules = (
			);
			dependencies = (
				B379695B2F87B15A00CFC0AB /* PBXTargetDependency */,
			);
			fileSystemSynchronizedGroups = (
				B379695C2F87B15A00CFC0AB /* TJJupiterSampleUITests */,
			);
			name = TJJupiterSampleUITests;
			packageProductDependencies = (
			);
			productName = TJJupiterSampleUITests;
			productReference = B37969592F87B15A00CFC0AB /* TJJupiterSampleUITests.xctest */;
			productType = "com.apple.product-type.bundle.ui-testing";
		};
/* End PBXNativeTarget section */

/* Begin PBXProject section */
		B37969312F87B15900CFC0AB /* Project object */ = {
			isa = PBXProject;
			attributes = {
				BuildIndependentTargetsInParallel = 1;
				LastSwiftUpdateCheck = 2600;
				LastUpgradeCheck = 2600;
				TargetAttributes = {
					B37969382F87B15900CFC0AB = {
						CreatedOnToolsVersion = 26.0.1;
					};
					B379694E2F87B15A00CFC0AB = {
						CreatedOnToolsVersion = 26.0.1;
						TestTargetID = B37969382F87B15900CFC0AB;
					};
					B37969582F87B15A00CFC0AB = {
						CreatedOnToolsVersion = 26.0.1;
						TestTargetID = B37969382F87B15900CFC0AB;
					};
				};
			};
			buildConfigurationList = B37969342F87B15900CFC0AB /* Build configuration list for PBXProject "TJJupiterSample" */;
			developmentRegion = en;
			hasScannedForEncodings = 0;
			knownRegions = (
				en,
				Base,
			);
			mainGroup = B37969302F87B15900CFC0AB;
			minimizedProjectReferenceProxies = 1;
			preferredProjectObjectVersion = 77;
			productRefGroup = B379693A2F87B15900CFC0AB /* Products */;
			projectDirPath = "";
			projectRoot = "";
			targets = (
				B37969382F87B15900CFC0AB /* TJJupiterSample */,
				B379694E2F87B15A00CFC0AB /* TJJupiterSampleTests */,
				B37969582F87B15A00CFC0AB /* TJJupiterSampleUITests */,
			);
		};
/* End PBXProject section */

/* Begin PBXResourcesBuildPhase section */
		B37969372F87B15900CFC0AB /* Resources */ = {
			isa = PBXResourcesBuildPhase;
			buildActionMask = 2147483647;
			files = (
			);
			runOnlyForDeploymentPostprocessing = 0;
		};
		B379694D2F87B15A00CFC0AB /* Resources */ = {
			isa = PBXResourcesBuildPhase;
			buildActionMask = 2147483647;
			files = (
			);
			runOnlyForDeploymentPostprocessing = 0;
		};
		B37969572F87B15A00CFC0AB /* Resources */ = {
			isa = PBXResourcesBuildPhase;
			buildActionMask = 2147483647;
			files = (
			);
			runOnlyForDeploymentPostprocessing = 0;
		};
/* End PBXResourcesBuildPhase section */

/* Begin PBXSourcesBuildPhase section */
		B37969352F87B15900CFC0AB /* Sources */ = {
			isa = PBXSourcesBuildPhase;
			buildActionMask = 2147483647;
			files = (
			);
			runOnlyForDeploymentPostprocessing = 0;
		};
		B379694B2F87B15A00CFC0AB /* Sources */ = {
			isa = PBXSourcesBuildPhase;
			buildActionMask = 2147483647;
			files = (
			);
			runOnlyForDeploymentPostprocessing = 0;
		};
		B37969552F87B15A00CFC0AB /* Sources */ = {
			isa = PBXSourcesBuildPhase;
			buildActionMask = 2147483647;
			files = (
			);
			runOnlyForDeploymentPostprocessing = 0;
		};
/* End PBXSourcesBuildPhase section */

/* Begin PBXTargetDependency section */
		B37969512F87B15A00CFC0AB /* PBXTargetDependency */ = {
			isa = PBXTargetDependency;
			target = B37969382F87B15900CFC0AB /* TJJupiterSample */;
			targetProxy = B37969502F87B15A00CFC0AB /* PBXContainerItemProxy */;
		};
		B379695B2F87B15A00CFC0AB /* PBXTargetDependency */ = {
			isa = PBXTargetDependency;
			target = B37969382F87B15900CFC0AB /* TJJupiterSample */;
			targetProxy = B379695A2F87B15A00CFC0AB /* PBXContainerItemProxy */;
		};
/* End PBXTargetDependency section */

/* Begin XCBuildConfiguration section */
		B37969632F87B15A00CFC0AB /* Debug */ = {
			isa = XCBuildConfiguration;
			buildSettings = {
				ASSETCATALOG_COMPILER_APPICON_NAME = AppIcon;
				ASSETCATALOG_COMPILER_GLOBAL_ACCENT_COLOR_NAME = AccentColor;
				CODE_SIGN_STYLE = Automatic;
				CURRENT_PROJECT_VERSION = 1;
				DEVELOPMENT_TEAM = G75UAV755N;
				GENERATE_INFOPLIST_FILE = YES;
				INFOPLIST_FILE = TJJupiterSample/Info.plist;
				INFOPLIST_KEY_UIApplicationSupportsIndirectInputEvents = YES;
				INFOPLIST_KEY_UILaunchStoryboardName = LaunchScreen;
				INFOPLIST_KEY_UIMainStoryboardFile = Main;
				INFOPLIST_KEY_UISupportedInterfaceOrientations_iPad = "UIInterfaceOrientationPortrait UIInterfaceOrientationPortraitUpsideDown UIInterfaceOrientationLandscapeLeft UIInterfaceOrientationLandscapeRight";
				INFOPLIST_KEY_UISupportedInterfaceOrientations_iPhone = "UIInterfaceOrientationPortrait UIInterfaceOrientationLandscapeLeft UIInterfaceOrientationLandscapeRight";
				LD_RUNPATH_SEARCH_PATHS = (
					"$(inherited)",
					"@executable_path/Frameworks",
				);
				MARKETING_VERSION = 1.0;
				PRODUCT_BUNDLE_IDENTIFIER = com.tjlabscorp.ios.TJJupiterSample;
				PRODUCT_NAME = "$(TARGET_NAME)";
				STRING_CATALOG_GENERATE_SYMBOLS = YES;
				SWIFT_APPROACHABLE_CONCURRENCY = YES;
				SWIFT_DEFAULT_ACTOR_ISOLATION = MainActor;
				SWIFT_EMIT_LOC_STRINGS = YES;
				SWIFT_UPCOMING_FEATURE_MEMBER_IMPORT_VISIBILITY = YES;
				SWIFT_VERSION = 5.0;
				TARGETED_DEVICE_FAMILY = "1,2";
			};
			name = Debug;
		};
		B37969642F87B15A00CFC0AB /* Release */ = {
			isa = XCBuildConfiguration;
			buildSettings = {
				ASSETCATALOG_COMPILER_APPICON_NAME = AppIcon;
				ASSETCATALOG_COMPILER_GLOBAL_ACCENT_COLOR_NAME = AccentColor;
				CODE_SIGN_STYLE = Automatic;
				CURRENT_PROJECT_VERSION = 1;
				DEVELOPMENT_TEAM = G75UAV755N;
				GENERATE_INFOPLIST_FILE = YES;
				INFOPLIST_FILE = TJJupiterSample/Info.plist;
				INFOPLIST_KEY_UIApplicationSupportsIndirectInputEvents = YES;
				INFOPLIST_KEY_UILaunchStoryboardName = LaunchScreen;
				INFOPLIST_KEY_UIMainStoryboardFile = Main;
				INFOPLIST_KEY_UISupportedInterfaceOrientations_iPad = "UIInterfaceOrientationPortrait UIInterfaceOrientationPortraitUpsideDown UIInterfaceOrientationLandscapeLeft UIInterfaceOrientationLandscapeRight";
				INFOPLIST_KEY_UISupportedInterfaceOrientations_iPhone = "UIInterfaceOrientationPortrait UIInterfaceOrientationLandscapeLeft UIInterfaceOrientationLandscapeRight";
				LD_RUNPATH_SEARCH_PATHS = (
					"$(inherited)",
					"@executable_path/Frameworks",
				);
				MARKETING_VERSION = 1.0;
				PRODUCT_BUNDLE_IDENTIFIER = com.tjlabscorp.ios.TJJupiterSample;
				PRODUCT_NAME = "$(TARGET_NAME)";
				STRING_CATALOG_GENERATE_SYMBOLS = YES;
				SWIFT_APPROACHABLE_CONCURRENCY = YES;
				SWIFT_DEFAULT_ACTOR_ISOLATION = MainActor;
				SWIFT_EMIT_LOC_STRINGS = YES;
				SWIFT_UPCOMING_FEATURE_MEMBER_IMPORT_VISIBILITY = YES;
				SWIFT_VERSION = 5.0;
				TARGETED_DEVICE_FAMILY = "1,2";
			};
			name = Release;
		};
		B37969652F87B15A00CFC0AB /* Debug */ = {
			isa = XCBuildConfiguration;
			buildSettings = {
				ALWAYS_SEARCH_USER_PATHS = NO;
				ASSETCATALOG_COMPILER_GENERATE_SWIFT_ASSET_SYMBOL_EXTENSIONS = YES;
				CLANG_ANALYZER_NONNULL = YES;
				CLANG_ANALYZER_NUMBER_OBJECT_CONVERSION = YES_AGGRESSIVE;
				CLANG_CXX_LANGUAGE_STANDARD = "gnu++20";
				CLANG_ENABLE_MODULES = YES;
				CLANG_ENABLE_OBJC_ARC = YES;
				CLANG_ENABLE_OBJC_WEAK = YES;
				CLANG_WARN_BLOCK_CAPTURE_AUTORELEASING = YES;
				CLANG_WARN_BOOL_CONVERSION = YES;
				CLANG_WARN_COMMA = YES;
				CLANG_WARN_CONSTANT_CONVERSION = YES;
				CLANG_WARN_DEPRECATED_OBJC_IMPLEMENTATIONS = YES;
				CLANG_WARN_DIRECT_OBJC_ISA_USAGE = YES_ERROR;
				CLANG_WARN_DOCUMENTATION_COMMENTS = YES;
				CLANG_WARN_EMPTY_BODY = YES;
				CLANG_WARN_ENUM_CONVERSION = YES;
				CLANG_WARN_INFINITE_RECURSION = YES;
				CLANG_WARN_INT_CONVERSION = YES;
				CLANG_WARN_NON_LITERAL_NULL_CONVERSION = YES;
				CLANG_WARN_OBJC_IMPLICIT_RETAIN_SELF = YES;
				CLANG_WARN_OBJC_LITERAL_CONVERSION = YES;
				CLANG_WARN_OBJC_ROOT_CLASS = YES_ERROR;
				CLANG_WARN_QUOTED_INCLUDE_IN_FRAMEWORK_HEADER = YES;
				CLANG_WARN_RANGE_LOOP_ANALYSIS = YES;
				CLANG_WARN_STRICT_PROTOTYPES = YES;
				CLANG_WARN_SUSPICIOUS_MOVE = YES;
				CLANG_WARN_UNGUARDED_AVAILABILITY = YES_AGGRESSIVE;
				CLANG_WARN_UNREACHABLE_CODE = YES;
				CLANG_WARN__DUPLICATE_METHOD_MATCH = YES;
				COPY_PHASE_STRIP = NO;
				DEBUG_INFORMATION_FORMAT = dwarf;
				DEVELOPMENT_TEAM = G75UAV755N;
				ENABLE_STRICT_OBJC_MSGSEND = YES;
				ENABLE_TESTABILITY = YES;
				ENABLE_USER_SCRIPT_SANDBOXING = YES;
				GCC_C_LANGUAGE_STANDARD = gnu17;
				GCC_DYNAMIC_NO_PIC = NO;
				GCC_NO_COMMON_BLOCKS = YES;
				GCC_OPTIMIZATION_LEVEL = 0;
				GCC_PREPROCESSOR_DEFINITIONS = (
					"DEBUG=1",
					"$(inherited)",
				);
				GCC_WARN_64_TO_32_BIT_CONVERSION = YES;
				GCC_WARN_ABOUT_RETURN_TYPE = YES_ERROR;
				GCC_WARN_UNDECLARED_SELECTOR = YES;
				GCC_WARN_UNINITIALIZED_AUTOS = YES_AGGRESSIVE;
				GCC_WARN_UNUSED_FUNCTION = YES;
				GCC_WARN_UNUSED_VARIABLE = YES;
				IPHONEOS_DEPLOYMENT_TARGET = 26.0;
				LOCALIZATION_PREFERS_STRING_CATALOGS = YES;
				MTL_ENABLE_DEBUG_INFO = INCLUDE_SOURCE;
				MTL_FAST_MATH = YES;
				ONLY_ACTIVE_ARCH = YES;
				SDKROOT = iphoneos;
				SWIFT_ACTIVE_COMPILATION_CONDITIONS = "DEBUG $(inherited)";
				SWIFT_OPTIMIZATION_LEVEL = "-Onone";
			};
			name = Debug;
		};
		B37969662F87B15A00CFC0AB /* Release */ = {
			isa = XCBuildConfiguration;
			buildSettings = {
				ALWAYS_SEARCH_USER_PATHS = NO;
				ASSETCATALOG_COMPILER_GENERATE_SWIFT_ASSET_SYMBOL_EXTENSIONS = YES;
				CLANG_ANALYZER_NONNULL = YES;
				CLANG_ANALYZER_NUMBER_OBJECT_CONVERSION = YES_AGGRESSIVE;
				CLANG_CXX_LANGUAGE_STANDARD = "gnu++20";
				CLANG_ENABLE_MODULES = YES;
				CLANG_ENABLE_OBJC_ARC = YES;
				CLANG_ENABLE_OBJC_WEAK = YES;
				CLANG_WARN_BLOCK_CAPTURE_AUTORELEASING = YES;
				CLANG_WARN_BOOL_CONVERSION = YES;
				CLANG_WARN_COMMA = YES;
				CLANG_WARN_CONSTANT_CONVERSION = YES;
				CLANG_WARN_DEPRECATED_OBJC_IMPLEMENTATIONS = YES;
				CLANG_WARN_DIRECT_OBJC_ISA_USAGE = YES_ERROR;
				CLANG_WARN_DOCUMENTATION_COMMENTS = YES;
				CLANG_WARN_EMPTY_BODY = YES;
				CLANG_WARN_ENUM_CONVERSION = YES;
				CLANG_WARN_INFINITE_RECURSION = YES;
				CLANG_WARN_INT_CONVERSION = YES;
				CLANG_WARN_NON_LITERAL_NULL_CONVERSION = YES;
				CLANG_WARN_OBJC_IMPLICIT_RETAIN_SELF = YES;
				CLANG_WARN_OBJC_LITERAL_CONVERSION = YES;
				CLANG_WARN_OBJC_ROOT_CLASS = YES_ERROR;
				CLANG_WARN_QUOTED_INCLUDE_IN_FRAMEWORK_HEADER = YES;
				CLANG_WARN_RANGE_LOOP_ANALYSIS = YES;
				CLANG_WARN_STRICT_PROTOTYPES = YES;
				CLANG_WARN_SUSPICIOUS_MOVE = YES;
				CLANG_WARN_UNGUARDED_AVAILABILITY = YES_AGGRESSIVE;
				CLANG_WARN_UNREACHABLE_CODE = YES;
				CLANG_WARN__DUPLICATE_METHOD_MATCH = YES;
				COPY_PHASE_STRIP = NO;
				DEBUG_INFORMATION_FORMAT = "dwarf-with-dsym";
				DEVELOPMENT_TEAM = G75UAV755N;
				ENABLE_NS_ASSERTIONS = NO;
				ENABLE_STRICT_OBJC_MSGSEND = YES;
				ENABLE_USER_SCRIPT_SANDBOXING = YES;
				GCC_C_LANGUAGE_STANDARD = gnu17;
				GCC_NO_COMMON_BLOCKS = YES;
				GCC_WARN_64_TO_32_BIT_CONVERSION = YES;
				GCC_WARN_ABOUT_RETURN_TYPE = YES_ERROR;
				GCC_WARN_UNDECLARED_SELECTOR = YES;
				GCC_WARN_UNINITIALIZED_AUTOS = YES_AGGRESSIVE;
				GCC_WARN_UNUSED_FUNCTION = YES;
				GCC_WARN_UNUSED_VARIABLE = YES;
				IPHONEOS_DEPLOYMENT_TARGET = 26.0;
				LOCALIZATION_PREFERS_STRING_CATALOGS = YES;
				MTL_ENABLE_DEBUG_INFO = NO;
				MTL_FAST_MATH = YES;
				SDKROOT = iphoneos;
				SWIFT_COMPILATION_MODE = wholemodule;
				VALIDATE_PRODUCT = YES;
			};
			name = Release;
		};
		B37969682F87B15A00CFC0AB /* Debug */ = {
			isa = XCBuildConfiguration;
			buildSettings = {
				BUNDLE_LOADER = "$(TEST_HOST)";
				CODE_SIGN_STYLE = Automatic;
				CURRENT_PROJECT_VERSION = 1;
				DEVELOPMENT_TEAM = G75UAV755N;
				GENERATE_INFOPLIST_FILE = YES;
				IPHONEOS_DEPLOYMENT_TARGET = 26.0;
				MARKETING_VERSION = 1.0;
				PRODUCT_BUNDLE_IDENTIFIER = com.tjlabscorp.ios.TJJupiterSampleTests;
				PRODUCT_NAME = "$(TARGET_NAME)";
				STRING_CATALOG_GENERATE_SYMBOLS = NO;
				SWIFT_APPROACHABLE_CONCURRENCY = YES;
				SWIFT_EMIT_LOC_STRINGS = NO;
				SWIFT_UPCOMING_FEATURE_MEMBER_IMPORT_VISIBILITY = YES;
				SWIFT_VERSION = 5.0;
				TARGETED_DEVICE_FAMILY = "1,2";
				TEST_HOST = "$(BUILT_PRODUCTS_DIR)/TJJupiterSample.app/$(BUNDLE_EXECUTABLE_FOLDER_PATH)/TJJupiterSample";
			};
			name = Debug;
		};
		B37969692F87B15A00CFC0AB /* Release */ = {
			isa = XCBuildConfiguration;
			buildSettings = {
				BUNDLE_LOADER = "$(TEST_HOST)";
				CODE_SIGN_STYLE = Automatic;
				CURRENT_PROJECT_VERSION = 1;
				DEVELOPMENT_TEAM = G75UAV755N;
				GENERATE_INFOPLIST_FILE = YES;
				IPHONEOS_DEPLOYMENT_TARGET = 26.0;
				MARKETING_VERSION = 1.0;
				PRODUCT_BUNDLE_IDENTIFIER = com.tjlabscorp.ios.TJJupiterSampleTests;
				PRODUCT_NAME = "$(TARGET_NAME)";
				STRING_CATALOG_GENERATE_SYMBOLS = NO;
				SWIFT_APPROACHABLE_CONCURRENCY = YES;
				SWIFT_EMIT_LOC_STRINGS = NO;
				SWIFT_UPCOMING_FEATURE_MEMBER_IMPORT_VISIBILITY = YES;
				SWIFT_VERSION = 5.0;
				TARGETED_DEVICE_FAMILY = "1,2";
				TEST_HOST = "$(BUILT_PRODUCTS_DIR)/TJJupiterSample.app/$(BUNDLE_EXECUTABLE_FOLDER_PATH)/TJJupiterSample";
			};
			name = Release;
		};
		B379696B2F87B15A00CFC0AB /* Debug */ = {
			isa = XCBuildConfiguration;
			buildSettings = {
				CODE_SIGN_STYLE = Automatic;
				CURRENT_PROJECT_VERSION = 1;
				DEVELOPMENT_TEAM = G75UAV755N;
				GENERATE_INFOPLIST_FILE = YES;
				MARKETING_VERSION = 1.0;
				PRODUCT_BUNDLE_IDENTIFIER = com.tjlabscorp.ios.TJJupiterSampleUITests;
				PRODUCT_NAME = "$(TARGET_NAME)";
				STRING_CATALOG_GENERATE_SYMBOLS = NO;
				SWIFT_APPROACHABLE_CONCURRENCY = YES;
				SWIFT_EMIT_LOC_STRINGS = NO;
				SWIFT_UPCOMING_FEATURE_MEMBER_IMPORT_VISIBILITY = YES;
				SWIFT_VERSION = 5.0;
				TARGETED_DEVICE_FAMILY = "1,2";
				TEST_TARGET_NAME = TJJupiterSample;
			};
			name = Debug;
		};
		B379696C2F87B15A00CFC0AB /* Release */ = {
			isa = XCBuildConfiguration;
			buildSettings = {
				CODE_SIGN_STYLE = Automatic;
				CURRENT_PROJECT_VERSION = 1;
				DEVELOPMENT_TEAM = G75UAV755N;
				GENERATE_INFOPLIST_FILE = YES;
				MARKETING_VERSION = 1.0;
				PRODUCT_BUNDLE_IDENTIFIER = com.tjlabscorp.ios.TJJupiterSampleUITests;
				PRODUCT_NAME = "$(TARGET_NAME)";
				STRING_CATALOG_GENERATE_SYMBOLS = NO;
				SWIFT_APPROACHABLE_CONCURRENCY = YES;
				SWIFT_EMIT_LOC_STRINGS = NO;
				SWIFT_UPCOMING_FEATURE_MEMBER_IMPORT_VISIBILITY = YES;
				SWIFT_VERSION = 5.0;
				TARGETED_DEVICE_FAMILY = "1,2";
				TEST_TARGET_NAME = TJJupiterSample;
			};
			name = Release;
		};
/* End XCBuildConfiguration section */

/* Begin XCConfigurationList section */
		B37969342F87B15900CFC0AB /* Build configuration list for PBXProject "TJJupiterSample" */ = {
			isa = XCConfigurationList;
			buildConfigurations = (
				B37969652F87B15A00CFC0AB /* Debug */,
				B37969662F87B15A00CFC0AB /* Release */,
			);
			defaultConfigurationIsVisible = 0;
			defaultConfigurationName = Release;
		};
		B37969622F87B15A00CFC0AB /* Build configuration list for PBXNativeTarget "TJJupiterSample" */ = {
			isa = XCConfigurationList;
			buildConfigurations = (
				B37969632F87B15A00CFC0AB /* Debug */,
				B37969642F87B15A00CFC0AB /* Release */,
			);
			defaultConfigurationIsVisible = 0;
			defaultConfigurationName = Release;
		};
		B37969672F87B15A00CFC0AB /* Build configuration list for PBXNativeTarget "TJJupiterSampleTests" */ = {
			isa = XCConfigurationList;
			buildConfigurations = (
				B37969682F87B15A00CFC0AB /* Debug */,
				B37969692F87B15A00CFC0AB /* Release */,
			);
			defaultConfigurationIsVisible = 0;
			defaultConfigurationName = Release;
		};
		B379696A2F87B15A00CFC0AB /* Build configuration list for PBXNativeTarget "TJJupiterSampleUITests" */ = {
			isa = XCConfigurationList;
			buildConfigurations = (
				B379696B2F87B15A00CFC0AB /* Debug */,
				B379696C2F87B15A00CFC0AB /* Release */,
			);
			defaultConfigurationIsVisible = 0;
			defaultConfigurationName = Release;
		};
/* End XCConfigurationList section */
	};
	rootObject = B37969312F87B15900CFC0AB /* Project object */;
}
