PODS:
  - TJJupiterSDK (2.0.2)

DEPENDENCIES:
  - TJJupiterSDK (from `/Users/leo/SwiftProjects/TJJupiterSDK`)

EXTERNAL SOURCES:
  TJJupiterSDK:
    :path: "/Users/leo/SwiftProjects/TJJupiterSDK"

SPEC CHECKSUMS:
  TJJupiterSDK: 7c8e41a55e5312b0547ba75cfb18f9bbbe47377f

PODFILE CHECKSUM: d68d0152b5483dd7fa831dca748a1c1ae1438aca

COCOAPODS: 1.16.2
