PODS:
  - TJJupiterSDK (2.0.9)

DEPENDENCIES:
  - TJJupiterSDK (= 2.0.9)

SPEC REPOS:
  https://github.com/CocoaPods/Specs.git:
    - TJJupiterSDK

SPEC CHECKSUMS:
  TJJupiterSDK: 1b865f34d4c1efadf799410da232ef93b3348b9c

PODFILE CHECKSUM: 1447babffbe31e7662dd45ab457751a7e77b6636

COCOAPODS: 1.16.2
